// !$*UTF8*$!
{
	archiveVersion = 1;
	classes = {
	};
	objectVersion = 56;
	objects = {
/* Begin PBXBuildFile section */
		FF5496F038F01B4A7396B9EA /* AppConfig.swift in Sources */ = {isa = PBXBuildFile; fileRef = 7E7CFE02E556D917CDAC1FEC /* AppConfig.swift */; };
		8C9F73A3CF97A8AEC960587D /* ServerProfile.swift in Sources */ = {isa = PBXBuildFile; fileRef = 615189D627532CD5A2F0DB1A /* ServerProfile.swift */; };
		A148BB410246792FEE039FD3 /* ShareMount.swift in Sources */ = {isa = PBXBuildFile; fileRef = E98F0D5F57F5E4D7F7B40A06 /* ShareMount.swift */; };
		6E6D1E5DAB25E5CE4C4A18D5 /* SynoSharedFolder.swift in Sources */ = {isa = PBXBuildFile; fileRef = 853989808C39DD0769E4DA0E /* SynoSharedFolder.swift */; };
		FE93E22C05250B24390ADA87 /* MountExecutor.swift in Sources */ = {isa = PBXBuildFile; fileRef = 22364A59C98DF8BC89D6CCF3 /* MountExecutor.swift */; };
		60433ED454ED2C0C771429F6 /* MountManager.swift in Sources */ = {isa = PBXBuildFile; fileRef = 2F3F336FDDF9B5E77C466F10 /* MountManager.swift */; };
		C9F60039791AA8C836A8BA10 /* MountPointSanitizer.swift in Sources */ = {isa = PBXBuildFile; fileRef = 96BADBD02E9129F3F2C78E49 /* MountPointSanitizer.swift */; };
		B8B08A7F390144069C5B5E77 /* NetworkCompat.swift in Sources */ = {isa = PBXBuildFile; fileRef = 973052DA421B0CFCA70F74B2 /* NetworkCompat.swift */; };
		0AB90B60A2628BD21C22B88B /* NetworkReachability.swift in Sources */ = {isa = PBXBuildFile; fileRef = 4E7E70B3AA94B43841F793C3 /* NetworkReachability.swift */; };
		85F72BEC631D67CB69D4C6B7 /* SynoApiModels.swift in Sources */ = {isa = PBXBuildFile; fileRef = 167BB053E9CBEB02E50924BF /* SynoApiModels.swift */; };
		475ABD962D035790CA19EA58 /* SynologyClient.swift in Sources */ = {isa = PBXBuildFile; fileRef = 7B5D42BEE24F825091A1E272 /* SynologyClient.swift */; };
		6C7FA6ED01CDFF0662CC1AD9 /* SynologySessionDelegate.swift in Sources */ = {isa = PBXBuildFile; fileRef = A264B115C3CACE8022B17217 /* SynologySessionDelegate.swift */; };
		8AE11F849E7E376747D1EE47 /* KeychainHelper.swift in Sources */ = {isa = PBXBuildFile; fileRef = 3FE125BA265122D69FB5DC68 /* KeychainHelper.swift */; };
		51B4A028A5C8A85430699904 /* ProfileManager.swift in Sources */ = {isa = PBXBuildFile; fileRef = CD8D52B9C3CA3051CBA33475 /* ProfileManager.swift */; };
		ECF165A2B4DF7F5D8E555453 /* MountAppStore.swift in Sources */ = {isa = PBXBuildFile; fileRef = 47938F68069AA47ACE6C88A1 /* MountAppStore.swift */; };
		06BDF3414AF06B6E1BB6C7EF /* App.swift in Sources */ = {isa = PBXBuildFile; fileRef = 3E832A677B59B3583669CDA9 /* App.swift */; };
		61D908834321E02A55A28795 /* FinderSidebarHelper.swift in Sources */ = {isa = PBXBuildFile; fileRef = 2C9262AF7D6F17E2593C643E /* FinderSidebarHelper.swift */; };
		D408E94194A011312CE388A5 /* LaunchAtLoginHelper.swift in Sources */ = {isa = PBXBuildFile; fileRef = F183A9060BB74D37A83EE958 /* LaunchAtLoginHelper.swift */; };
		FC728625ED01782CF32D68BF /* MenuBarContentView.swift in Sources */ = {isa = PBXBuildFile; fileRef = C36A739761CC0FFE75A6E709 /* MenuBarContentView.swift */; };
		EA142C71B50C90DE04AC3C93 /* SettingsView.swift in Sources */ = {isa = PBXBuildFile; fileRef = A71DCB50C040BAFD9449B8D2 /* SettingsView.swift */; };
		0DD2AAF55A8E64A252953C04 /* Assets.xcassets in Resources */ = {isa = PBXBuildFile; fileRef = A18DA67ECD20B2D481F60392 /* Assets.xcassets */; };
		1ACCD68EF57805D42D56328C /* Localizable.xcstrings in Resources */ = {isa = PBXBuildFile; fileRef = B9E526D3D0E79CD731F204D2 /* Localizable.xcstrings */; };
/* End PBXBuildFile section */
/* Begin PBXFileReference section */
		E2FA921BD2FAF219183B9632 /* SynologyMount.app */ = {isa = PBXFileReference; explicitFileType = wrapper.application; includeInIndex = 0; path = SynologyMount.app; sourceTree = BUILT_PRODUCTS_DIR; };
		7E7CFE02E556D917CDAC1FEC /* AppConfig.swift */ = {isa = PBXFileReference; lastKnownFileType = sourcecode.swift; name = "AppConfig.swift"; path = "Sources/SynologyMountCore/Config/AppConfig.swift"; sourceTree = SOURCE_ROOT; };
		615189D627532CD5A2F0DB1A /* ServerProfile.swift */ = {isa = PBXFileReference; lastKnownFileType = sourcecode.swift; name = "ServerProfile.swift"; path = "Sources/SynologyMountCore/Models/ServerProfile.swift"; sourceTree = SOURCE_ROOT; };
		E98F0D5F57F5E4D7F7B40A06 /* ShareMount.swift */ = {isa = PBXFileReference; lastKnownFileType = sourcecode.swift; name = "ShareMount.swift"; path = "Sources/SynologyMountCore/Models/ShareMount.swift"; sourceTree = SOURCE_ROOT; };
		853989808C39DD0769E4DA0E /* SynoSharedFolder.swift */ = {isa = PBXFileReference; lastKnownFileType = sourcecode.swift; name = "SynoSharedFolder.swift"; path = "Sources/SynologyMountCore/Models/SynoSharedFolder.swift"; sourceTree = SOURCE_ROOT; };
		22364A59C98DF8BC89D6CCF3 /* MountExecutor.swift */ = {isa = PBXFileReference; lastKnownFileType = sourcecode.swift; name = "MountExecutor.swift"; path = "Sources/SynologyMountCore/MountEngine/MountExecutor.swift"; sourceTree = SOURCE_ROOT; };
		2F3F336FDDF9B5E77C466F10 /* MountManager.swift */ = {isa = PBXFileReference; lastKnownFileType = sourcecode.swift; name = "MountManager.swift"; path = "Sources/SynologyMountCore/MountEngine/MountManager.swift"; sourceTree = SOURCE_ROOT; };
		96BADBD02E9129F3F2C78E49 /* MountPointSanitizer.swift */ = {isa = PBXFileReference; lastKnownFileType = sourcecode.swift; name = "MountPointSanitizer.swift"; path = "Sources/SynologyMountCore/MountEngine/MountPointSanitizer.swift"; sourceTree = SOURCE_ROOT; };
		973052DA421B0CFCA70F74B2 /* NetworkCompat.swift */ = {isa = PBXFileReference; lastKnownFileType = sourcecode.swift; name = "NetworkCompat.swift"; path = "Sources/SynologyMountCore/Network/NetworkCompat.swift"; sourceTree = SOURCE_ROOT; };
		4E7E70B3AA94B43841F793C3 /* NetworkReachability.swift */ = {isa = PBXFileReference; lastKnownFileType = sourcecode.swift; name = "NetworkReachability.swift"; path = "Sources/SynologyMountCore/Network/NetworkReachability.swift"; sourceTree = SOURCE_ROOT; };
		167BB053E9CBEB02E50924BF /* SynoApiModels.swift */ = {isa = PBXFileReference; lastKnownFileType = sourcecode.swift; name = "SynoApiModels.swift"; path = "Sources/SynologyMountCore/Network/SynoApiModels.swift"; sourceTree = SOURCE_ROOT; };
		7B5D42BEE24F825091A1E272 /* SynologyClient.swift */ = {isa = PBXFileReference; lastKnownFileType = sourcecode.swift; name = "SynologyClient.swift"; path = "Sources/SynologyMountCore/Network/SynologyClient.swift"; sourceTree = SOURCE_ROOT; };
		A264B115C3CACE8022B17217 /* SynologySessionDelegate.swift */ = {isa = PBXFileReference; lastKnownFileType = sourcecode.swift; name = "SynologySessionDelegate.swift"; path = "Sources/SynologyMountCore/Network/SynologySessionDelegate.swift"; sourceTree = SOURCE_ROOT; };
		3FE125BA265122D69FB5DC68 /* KeychainHelper.swift */ = {isa = PBXFileReference; lastKnownFileType = sourcecode.swift; name = "KeychainHelper.swift"; path = "Sources/SynologyMountCore/Storage/KeychainHelper.swift"; sourceTree = SOURCE_ROOT; };
		CD8D52B9C3CA3051CBA33475 /* ProfileManager.swift */ = {isa = PBXFileReference; lastKnownFileType = sourcecode.swift; name = "ProfileManager.swift"; path = "Sources/SynologyMountCore/Storage/ProfileManager.swift"; sourceTree = SOURCE_ROOT; };
		47938F68069AA47ACE6C88A1 /* MountAppStore.swift */ = {isa = PBXFileReference; lastKnownFileType = sourcecode.swift; name = "MountAppStore.swift"; path = "Sources/SynologyMountCore/Store/MountAppStore.swift"; sourceTree = SOURCE_ROOT; };
		3E832A677B59B3583669CDA9 /* App.swift */ = {isa = PBXFileReference; lastKnownFileType = sourcecode.swift; name = "App.swift"; path = "Sources/SynologyMountMac/App.swift"; sourceTree = SOURCE_ROOT; };
		2C9262AF7D6F17E2593C643E /* FinderSidebarHelper.swift */ = {isa = PBXFileReference; lastKnownFileType = sourcecode.swift; name = "FinderSidebarHelper.swift"; path = "Sources/SynologyMountMac/FinderSidebarHelper.swift"; sourceTree = SOURCE_ROOT; };
		F183A9060BB74D37A83EE958 /* LaunchAtLoginHelper.swift */ = {isa = PBXFileReference; lastKnownFileType = sourcecode.swift; name = "LaunchAtLoginHelper.swift"; path = "Sources/SynologyMountMac/LaunchAtLoginHelper.swift"; sourceTree = SOURCE_ROOT; };
		C36A739761CC0FFE75A6E709 /* MenuBarContentView.swift */ = {isa = PBXFileReference; lastKnownFileType = sourcecode.swift; name = "MenuBarContentView.swift"; path = "Sources/SynologyMountMac/MenuBarContentView.swift"; sourceTree = SOURCE_ROOT; };
		A71DCB50C040BAFD9449B8D2 /* SettingsView.swift */ = {isa = PBXFileReference; lastKnownFileType = sourcecode.swift; name = "SettingsView.swift"; path = "Sources/SynologyMountMac/SettingsView.swift"; sourceTree = SOURCE_ROOT; };
		A18DA67ECD20B2D481F60392 /* Assets.xcassets */ = {isa = PBXFileReference; lastKnownFileType = folder.assetcatalog; name = "Assets.xcassets"; path = "Sources/SynologyMountMac/Assets.xcassets"; sourceTree = SOURCE_ROOT; };
		B9E526D3D0E79CD731F204D2 /* Localizable.xcstrings */ = {isa = PBXFileReference; lastKnownFileType = text.json.xcstrings; name = "Localizable.xcstrings"; path = "Sources/SynologyMountMac/Localizable.xcstrings"; sourceTree = SOURCE_ROOT; };
		D5FFE91C160DEB805B4183BD /* Info.plist */ = {isa = PBXFileReference; lastKnownFileType = text.plist.xml; name = "Info.plist"; path = "Sources/SynologyMountMac/Info.plist"; sourceTree = SOURCE_ROOT; };
		FD62ADCCF79F387D5A8071F5 /* App.entitlements */ = {isa = PBXFileReference; lastKnownFileType = text.plist.xml; name = "App.entitlements"; path = "Sources/SynologyMountMac/App.entitlements"; sourceTree = SOURCE_ROOT; };
/* End PBXFileReference section */
/* Begin PBXFrameworksBuildPhase section */
		29B2D46AA747A59804D46E1F /* Frameworks */ = {
			isa = PBXFrameworksBuildPhase;
			buildActionMask = 2147483647;
			files = (
			);
			runOnlyForDeploymentPostprocessing = 0;
		};
/* End PBXFrameworksBuildPhase section */
/* Begin PBXGroup section */
		5928955287B8089ED2177128 = {
			isa = PBXGroup;
			children = (
				56FF437C3595AA04784D1FDF /* SynologyMountCore */,
				68A99E44DD3082AF8DED86BD /* SynologyMountMac */,
				BF7A2D27A78D590BDEF15AF2 /* Products */,
			);
			sourceTree = "<group>";
		};
		56FF437C3595AA04784D1FDF /* SynologyMountCore */ = {
			isa = PBXGroup;
			children = (
				7E7CFE02E556D917CDAC1FEC /* AppConfig.swift */,
				615189D627532CD5A2F0DB1A /* ServerProfile.swift */,
				E98F0D5F57F5E4D7F7B40A06 /* ShareMount.swift */,
				853989808C39DD0769E4DA0E /* SynoSharedFolder.swift */,
				22364A59C98DF8BC89D6CCF3 /* MountExecutor.swift */,
				2F3F336FDDF9B5E77C466F10 /* MountManager.swift */,
				96BADBD02E9129F3F2C78E49 /* MountPointSanitizer.swift */,
				973052DA421B0CFCA70F74B2 /* NetworkCompat.swift */,
				4E7E70B3AA94B43841F793C3 /* NetworkReachability.swift */,
				167BB053E9CBEB02E50924BF /* SynoApiModels.swift */,
				7B5D42BEE24F825091A1E272 /* SynologyClient.swift */,
				A264B115C3CACE8022B17217 /* SynologySessionDelegate.swift */,
				3FE125BA265122D69FB5DC68 /* KeychainHelper.swift */,
				CD8D52B9C3CA3051CBA33475 /* ProfileManager.swift */,
				47938F68069AA47ACE6C88A1 /* MountAppStore.swift */,
			);
			name = SynologyMountCore;
			sourceTree = "<group>";
		};
		68A99E44DD3082AF8DED86BD /* SynologyMountMac */ = {
			isa = PBXGroup;
			children = (
				3E832A677B59B3583669CDA9 /* App.swift */,
				2C9262AF7D6F17E2593C643E /* FinderSidebarHelper.swift */,
				F183A9060BB74D37A83EE958 /* LaunchAtLoginHelper.swift */,
				C36A739761CC0FFE75A6E709 /* MenuBarContentView.swift */,
				A71DCB50C040BAFD9449B8D2 /* SettingsView.swift */,
				A18DA67ECD20B2D481F60392 /* Assets.xcassets */,
				B9E526D3D0E79CD731F204D2 /* Localizable.xcstrings */,
				D5FFE91C160DEB805B4183BD /* Info.plist */,
				FD62ADCCF79F387D5A8071F5 /* App.entitlements */,
			);
			name = SynologyMountMac;
			sourceTree = "<group>";
		};
		BF7A2D27A78D590BDEF15AF2 /* Products */ = {
			isa = PBXGroup;
			children = (
				E2FA921BD2FAF219183B9632 /* SynologyMount.app */,
			);
			name = Products;
			sourceTree = "<group>";
		};
/* End PBXGroup section */
/* Begin PBXNativeTarget section */
		92385BE564346F800061BF0C /* SynologyMount */ = {
			isa = PBXNativeTarget;
			buildConfigurationList = F707ED8CFBC457F7F618ECA6 /* Build configuration list for PBXNativeTarget "SynologyMount" */;
			buildPhases = (
				E7209FB05162B7572F88D05E /* Sources */,
				29B2D46AA747A59804D46E1F /* Frameworks */,
				66F8606E9F0A136E2228EBCB /* Resources */,
			);
			buildRules = (
			);
			dependencies = (
			);
			name = SynologyMount;
			productName = SynologyMount;
			productReference = E2FA921BD2FAF219183B9632 /* SynologyMount.app */;
			productType = "com.apple.product-type.application";
		};
/* End PBXNativeTarget section */
/* Begin PBXProject section */
		12C089DB0F5394E977C54D95 /* Project object */ = {
			isa = PBXProject;
			attributes = {
				BuildIndependentTargetsInParallel = 1;
				LastUpgradeCheck = 1600;
				TargetAttributes = {
					92385BE564346F800061BF0C = {
						CreatedOnToolsVersion = 16.0;
					};
				};
			};
			buildConfigurationList = CB7CBE0C3B42E7D081FECC31 /* Build configuration list for PBXProject "SynologyMount" */;
			compatibilityVersion = "Xcode 14.0";
			developmentRegion = de;
			hasScannedForEncodings = 0;
			knownRegions = (
				de,
				Base,
			);
			mainGroup = 5928955287B8089ED2177128;
			productRefGroup = BF7A2D27A78D590BDEF15AF2 /* Products */;
			projectDirPath = "";
			projectRoot = "";
			targets = (
				92385BE564346F800061BF0C /* SynologyMount */,
			);
		};
/* End PBXProject section */
/* Begin PBXResourcesBuildPhase section */
		66F8606E9F0A136E2228EBCB /* Resources */ = {
			isa = PBXResourcesBuildPhase;
			buildActionMask = 2147483647;
			files = (
				0DD2AAF55A8E64A252953C04 /* Assets.xcassets in Resources */,
				1ACCD68EF57805D42D56328C /* Localizable.xcstrings in Resources */,
			);
			runOnlyForDeploymentPostprocessing = 0;
		};
/* End PBXResourcesBuildPhase section */
/* Begin PBXSourcesBuildPhase section */
		E7209FB05162B7572F88D05E /* Sources */ = {
			isa = PBXSourcesBuildPhase;
			buildActionMask = 2147483647;
			files = (
				FF5496F038F01B4A7396B9EA /* AppConfig.swift in Sources */,
				8C9F73A3CF97A8AEC960587D /* ServerProfile.swift in Sources */,
				A148BB410246792FEE039FD3 /* ShareMount.swift in Sources */,
				6E6D1E5DAB25E5CE4C4A18D5 /* SynoSharedFolder.swift in Sources */,
				FE93E22C05250B24390ADA87 /* MountExecutor.swift in Sources */,
				60433ED454ED2C0C771429F6 /* MountManager.swift in Sources */,
				C9F60039791AA8C836A8BA10 /* MountPointSanitizer.swift in Sources */,
				B8B08A7F390144069C5B5E77 /* NetworkCompat.swift in Sources */,
				0AB90B60A2628BD21C22B88B /* NetworkReachability.swift in Sources */,
				85F72BEC631D67CB69D4C6B7 /* SynoApiModels.swift in Sources */,
				475ABD962D035790CA19EA58 /* SynologyClient.swift in Sources */,
				6C7FA6ED01CDFF0662CC1AD9 /* SynologySessionDelegate.swift in Sources */,
				8AE11F849E7E376747D1EE47 /* KeychainHelper.swift in Sources */,
				51B4A028A5C8A85430699904 /* ProfileManager.swift in Sources */,
				ECF165A2B4DF7F5D8E555453 /* MountAppStore.swift in Sources */,
				06BDF3414AF06B6E1BB6C7EF /* App.swift in Sources */,
				61D908834321E02A55A28795 /* FinderSidebarHelper.swift in Sources */,
				D408E94194A011312CE388A5 /* LaunchAtLoginHelper.swift in Sources */,
				FC728625ED01782CF32D68BF /* MenuBarContentView.swift in Sources */,
				EA142C71B50C90DE04AC3C93 /* SettingsView.swift in Sources */,
			);
			runOnlyForDeploymentPostprocessing = 0;
		};
/* End PBXSourcesBuildPhase section */
/* Begin XCBuildConfiguration section */
		E95DB3DDB35DB25437EE0C0B /* Debug */ = {
			isa = XCBuildConfiguration;
			buildSettings = {
				ALWAYS_SEARCH_USER_PATHS = NO;
				CLANG_ANALYZER_NONNULL = YES;
				CLANG_ENABLE_MODULES = YES;
				CLANG_ENABLE_OBJC_ARC = YES;
				COPY_PHASE_STRIP = NO;
				DEBUG_INFORMATION_FORMAT = dwarf;
				ENABLE_TESTABILITY = YES;
				GCC_OPTIMIZATION_LEVEL = 0;
				MACOSX_DEPLOYMENT_TARGET = 14.0;
				MTL_ENABLE_DEBUG_INFO = INCLUDE_SOURCE;
				SDKROOT = macosx;
				SWIFT_ACTIVE_COMPILATION_CONDITIONS = DEBUG;
				SWIFT_OPTIMIZATION_LEVEL = "-Onone";
			};
			name = Debug;
		};
		9584AF23772D44B73CAE1DEA /* Release */ = {
			isa = XCBuildConfiguration;
			buildSettings = {
				ALWAYS_SEARCH_USER_PATHS = NO;
				CLANG_ANALYZER_NONNULL = YES;
				CLANG_ENABLE_MODULES = YES;
				CLANG_ENABLE_OBJC_ARC = YES;
				COPY_PHASE_STRIP = NO;
				DEBUG_INFORMATION_FORMAT = "dwarf-with-dsym";
				ENABLE_NS_ASSERTIONS = NO;
				GCC_OPTIMIZATION_LEVEL = s;
				MACOSX_DEPLOYMENT_TARGET = 14.0;
				MTL_ENABLE_DEBUG_INFO = NO;
				SDKROOT = macosx;
				SWIFT_COMPILATION_MODE = "wholemodule";
				SWIFT_OPTIMIZATION_LEVEL = "-O";
			};
			name = Release;
		};
		5C1FCF821166A8E947DC58DE /* Debug */ = {
			isa = XCBuildConfiguration;
			buildSettings = {
				ASSETCATALOG_COMPILER_APPICON_NAME = AppIcon;
				CODE_SIGN_ENTITLEMENTS = "Sources/SynologyMountMac/App.entitlements";
				CODE_SIGN_IDENTITY = "-";
				CODE_SIGN_STYLE = Automatic;
				COMBINE_HIDPI_IMAGES = YES;
				CURRENT_PROJECT_VERSION = 1;
				ENABLE_HARDENED_RUNTIME = YES;
				GENERATE_INFOPLIST_FILE = NO;
				INFOPLIST_FILE = "Sources/SynologyMountMac/Info.plist";
				LD_RUNPATH_SEARCH_PATHS = (
					"$(inherited)",
					"@executable_path/../Frameworks",
				);
				MARKETING_VERSION = 1.0;
				PRODUCT_BUNDLE_IDENTIFIER = com.hehljo.SynologyMount;
				PRODUCT_NAME = "$(TARGET_NAME)";
				SWIFT_EMIT_LOC_STRINGS = YES;
				SWIFT_VERSION = 5.0;
			};
			name = Debug;
		};
		D8A34C63742B602B66E1CD36 /* Release */ = {
			isa = XCBuildConfiguration;
			buildSettings = {
				ASSETCATALOG_COMPILER_APPICON_NAME = AppIcon;
				CODE_SIGN_ENTITLEMENTS = "Sources/SynologyMountMac/App.entitlements";
				CODE_SIGN_IDENTITY = "-";
				CODE_SIGN_STYLE = Automatic;
				COMBINE_HIDPI_IMAGES = YES;
				CURRENT_PROJECT_VERSION = 1;
				ENABLE_HARDENED_RUNTIME = YES;
				GENERATE_INFOPLIST_FILE = NO;
				INFOPLIST_FILE = "Sources/SynologyMountMac/Info.plist";
				LD_RUNPATH_SEARCH_PATHS = (
					"$(inherited)",
					"@executable_path/../Frameworks",
				);
				MARKETING_VERSION = 1.0;
				PRODUCT_BUNDLE_IDENTIFIER = com.hehljo.SynologyMount;
				PRODUCT_NAME = "$(TARGET_NAME)";
				SWIFT_EMIT_LOC_STRINGS = YES;
				SWIFT_VERSION = 5.0;
			};
			name = Release;
		};
/* End XCBuildConfiguration section */
/* Begin XCConfigurationList section */
		CB7CBE0C3B42E7D081FECC31 /* Build configuration list for PBXProject "SynologyMount" */ = {
			isa = XCConfigurationList;
			buildConfigurations = (
				E95DB3DDB35DB25437EE0C0B /* Debug */,
				9584AF23772D44B73CAE1DEA /* Release */,
			);
			defaultConfigurationIsVisible = 0;
			defaultConfigurationName = Release;
		};
		F707ED8CFBC457F7F618ECA6 /* Build configuration list for PBXNativeTarget "SynologyMount" */ = {
			isa = XCConfigurationList;
			buildConfigurations = (
				5C1FCF821166A8E947DC58DE /* Debug */,
				D8A34C63742B602B66E1CD36 /* Release */,
			);
			defaultConfigurationIsVisible = 0;
			defaultConfigurationName = Release;
		};
/* End XCConfigurationList section */
	};
	rootObject = 12C089DB0F5394E977C54D95 /* Project object */;
}
